
Microsoft Visual Studio Solution File, Format Version 12.00
# Visual Studio Version 17
VisualStudioVersion = 17.6.33712.159
MinimumVisualStudioVersion = 15.0.26124.0
Project("{9A19103F-16F7-4668-BE54-9A1E7A4F7556}") = "CogniteSdk.Types", "CogniteSdk.Types\CogniteSdk.Types.csproj", "{C956C2F8-DA9D-482C-9EE1-BCD8549FE726}"
EndProject
Project("{6EC3EE1D-3C4E-46DD-8F32-0CC8E7565705}") = "Oryx.Cognite", "Oryx.Cognite\src\Oryx.Cognite.fsproj", "{F5CEF2C3-2E62-4147-ADDB-108AB9AE27ED}"
EndProject
Project("{9A19103F-16F7-4668-BE54-9A1E7A4F7556}") = "CogniteSdk", "CogniteSdk\src\CogniteSdk.csproj", "{41482B89-4CC9-4DB8-91D1-ABE7E3B7C5A4}"
EndProject
Project("{6EC3EE1D-3C4E-46DD-8F32-0CC8E7565705}") = "CogniteSdk.Test.FSharp", "CogniteSdk\test\fsharp\CogniteSdk.Test.FSharp.fsproj", "{A94F7DFA-2202-4705-AADB-FBBF739BED61}"
EndProject
Project("{2150E333-8FDC-42A3-9474-1A3956D46DE8}") = "CogniteSdk.FSharp", "CogniteSdk.FSharp", "{B2E2DB93-62A4-4F13-AAFB-D666D5ACA0E6}"
EndProject
Project("{6EC3EE1D-3C4E-46DD-8F32-0CC8E7565705}") = "CogniteSdk.FSharp", "CogniteSdk.FSharp\src\CogniteSdk.FSharp.fsproj", "{1F440E85-0B02-409E-9731-54D873200E46}"
EndProject
Project("{FAE04EC0-301F-11D3-BF4B-00C04F79EFBC}") = "CogniteSdk.Test.CSharp", "CogniteSdk\test\csharp\CogniteSdk.Test.CSharp.csproj", "{B42088FD-0284-46D8-8C34-EE348DC02850}"
EndProject
Project("{FAE04EC0-301F-11D3-BF4B-00C04F79EFBC}") = "CogniteSdk.Protobuf", "CogniteSdk.Protobuf\CogniteSdk.Protobuf.csproj", "{70C1CDD1-42CB-4823-83B2-F08A4E930096}"
EndProject
Project("{FAE04EC0-301F-11D3-BF4B-00C04F79EFBC}") = "ExamplesCSharp", "Examples\csharp\ExamplesCSharp.csproj", "{2914CA59-2FDD-403B-8BEB-E14CFCA5CFBB}"
EndProject
Project("{F2A71F9B-5D33-465A-A702-920D77279786}") = "ExamplesFSharp", "Examples\fsharp\ExamplesFSharp.fsproj", "{10038ECB-9D3E-48CD-8DBE-81AA1FD602DC}"
EndProject
Project("{FAE04EC0-301F-11D3-BF4B-00C04F79EFBC}") = "CogniteSdk.Types.Extensions", "CogniteSdk.Types.Extensions\CogniteSdk.Types.Extensions.csproj", "{B5381D7E-E9F6-4D38-BB32-5BFAAC8D4E3E}"
EndProject
Project("{FAE04EC0-301F-11D3-BF4B-00C04F79EFBC}") = "CogniteSdk.Extensions", "CogniteSdk.Extensions\CogniteSdk.Extensions.csproj", "{BF0CE063-EC23-4EFA-AE37-C5EE3C65BC7D}"
EndProject
Project("{2150E333-8FDC-42A3-9474-1A3956D46DE8}") = "Test", "Test", "{B96C9DEF-B04B-47C7-8C06-BECEB092445B}"
EndProject
Project("{FAE04EC0-301F-11D3-BF4B-00C04F79EFBC}") = "CogniteSdk.Extensions.Tests", "Test\CogniteSdk.Extensions.Tests\CogniteSdk.Extensions.Tests.csproj", "{63F7B729-A7A5-49EF-9CE8-1C8B47669A66}"
EndProject
Project("{2150E333-8FDC-42A3-9474-1A3956D46DE8}") = "Examples", "Examples", "{3F4E137C-D3BF-4D5C-8151-6998D668DCDE}"
EndProject
Project("{FAE04EC0-301F-11D3-BF4B-00C04F79EFBC}") = "DataModelingExamples", "Examples\DataModeling\DataModelingExamples.csproj", "{0F905BD0-198A-46BD-A6B7-A8C63102876C}"
EndProject
Global
	GlobalSection(SolutionConfigurationPlatforms) = preSolution
		Debug|Any CPU = Debug|Any CPU
		Debug|x64 = Debug|x64
		Debug|x86 = Debug|x86
		Release|Any CPU = Release|Any CPU
		Release|x64 = Release|x64
		Release|x86 = Release|x86
	EndGlobalSection
	GlobalSection(ProjectConfigurationPlatforms) = postSolution
		{C956C2F8-DA9D-482C-9EE1-BCD8549FE726}.Debug|Any CPU.ActiveCfg = Debug|Any CPU
		{C956C2F8-DA9D-482C-9EE1-BCD8549FE726}.Debug|Any CPU.Build.0 = Debug|Any CPU
		{C956C2F8-DA9D-482C-9EE1-BCD8549FE726}.Debug|x64.ActiveCfg = Debug|Any CPU
		{C956C2F8-DA9D-482C-9EE1-BCD8549FE726}.Debug|x64.Build.0 = Debug|Any CPU
		{C956C2F8-DA9D-482C-9EE1-BCD8549FE726}.Debug|x86.ActiveCfg = Debug|Any CPU
		{C956C2F8-DA9D-482C-9EE1-BCD8549FE726}.Debug|x86.Build.0 = Debug|Any CPU
		{C956C2F8-DA9D-482C-9EE1-BCD8549FE726}.Release|Any CPU.ActiveCfg = Release|Any CPU
		{C956C2F8-DA9D-482C-9EE1-BCD8549FE726}.Release|Any CPU.Build.0 = Release|Any CPU
		{C956C2F8-DA9D-482C-9EE1-BCD8549FE726}.Release|x64.ActiveCfg = Release|Any CPU
		{C956C2F8-DA9D-482C-9EE1-BCD8549FE726}.Release|x64.Build.0 = Release|Any CPU
		{C956C2F8-DA9D-482C-9EE1-BCD8549FE726}.Release|x86.ActiveCfg = Release|Any CPU
		{C956C2F8-DA9D-482C-9EE1-BCD8549FE726}.Release|x86.Build.0 = Release|Any CPU
		{F5CEF2C3-2E62-4147-ADDB-108AB9AE27ED}.Debug|Any CPU.ActiveCfg = Debug|Any CPU
		{F5CEF2C3-2E62-4147-ADDB-108AB9AE27ED}.Debug|Any CPU.Build.0 = Debug|Any CPU
		{F5CEF2C3-2E62-4147-ADDB-108AB9AE27ED}.Debug|x64.ActiveCfg = Debug|Any CPU
		{F5CEF2C3-2E62-4147-ADDB-108AB9AE27ED}.Debug|x64.Build.0 = Debug|Any CPU
		{F5CEF2C3-2E62-4147-ADDB-108AB9AE27ED}.Debug|x86.ActiveCfg = Debug|Any CPU
		{F5CEF2C3-2E62-4147-ADDB-108AB9AE27ED}.Debug|x86.Build.0 = Debug|Any CPU
		{F5CEF2C3-2E62-4147-ADDB-108AB9AE27ED}.Release|Any CPU.ActiveCfg = Release|Any CPU
		{F5CEF2C3-2E62-4147-ADDB-108AB9AE27ED}.Release|Any CPU.Build.0 = Release|Any CPU
		{F5CEF2C3-2E62-4147-ADDB-108AB9AE27ED}.Release|x64.ActiveCfg = Release|Any CPU
		{F5CEF2C3-2E62-4147-ADDB-108AB9AE27ED}.Release|x64.Build.0 = Release|Any CPU
		{F5CEF2C3-2E62-4147-ADDB-108AB9AE27ED}.Release|x86.ActiveCfg = Release|Any CPU
		{F5CEF2C3-2E62-4147-ADDB-108AB9AE27ED}.Release|x86.Build.0 = Release|Any CPU
		{41482B89-4CC9-4DB8-91D1-ABE7E3B7C5A4}.Debug|Any CPU.ActiveCfg = Debug|Any CPU
		{41482B89-4CC9-4DB8-91D1-ABE7E3B7C5A4}.Debug|Any CPU.Build.0 = Debug|Any CPU
		{41482B89-4CC9-4DB8-91D1-ABE7E3B7C5A4}.Debug|x64.ActiveCfg = Debug|Any CPU
		{41482B89-4CC9-4DB8-91D1-ABE7E3B7C5A4}.Debug|x64.Build.0 = Debug|Any CPU
		{41482B89-4CC9-4DB8-91D1-ABE7E3B7C5A4}.Debug|x86.ActiveCfg = Debug|Any CPU
		{41482B89-4CC9-4DB8-91D1-ABE7E3B7C5A4}.Debug|x86.Build.0 = Debug|Any CPU
		{41482B89-4CC9-4DB8-91D1-ABE7E3B7C5A4}.Release|Any CPU.ActiveCfg = Release|Any CPU
		{41482B89-4CC9-4DB8-91D1-ABE7E3B7C5A4}.Release|Any CPU.Build.0 = Release|Any CPU
		{41482B89-4CC9-4DB8-91D1-ABE7E3B7C5A4}.Release|x64.ActiveCfg = Release|Any CPU
		{41482B89-4CC9-4DB8-91D1-ABE7E3B7C5A4}.Release|x64.Build.0 = Release|Any CPU
		{41482B89-4CC9-4DB8-91D1-ABE7E3B7C5A4}.Release|x86.ActiveCfg = Release|Any CPU
		{41482B89-4CC9-4DB8-91D1-ABE7E3B7C5A4}.Release|x86.Build.0 = Release|Any CPU
		{A94F7DFA-2202-4705-AADB-FBBF739BED61}.Debug|Any CPU.ActiveCfg = Debug|Any CPU
		{A94F7DFA-2202-4705-AADB-FBBF739BED61}.Debug|Any CPU.Build.0 = Debug|Any CPU
		{A94F7DFA-2202-4705-AADB-FBBF739BED61}.Debug|x64.ActiveCfg = Debug|Any CPU
		{A94F7DFA-2202-4705-AADB-FBBF739BED61}.Debug|x64.Build.0 = Debug|Any CPU
		{A94F7DFA-2202-4705-AADB-FBBF739BED61}.Debug|x86.ActiveCfg = Debug|Any CPU
		{A94F7DFA-2202-4705-AADB-FBBF739BED61}.Debug|x86.Build.0 = Debug|Any CPU
		{A94F7DFA-2202-4705-AADB-FBBF739BED61}.Release|Any CPU.ActiveCfg = Release|Any CPU
		{A94F7DFA-2202-4705-AADB-FBBF739BED61}.Release|Any CPU.Build.0 = Release|Any CPU
		{A94F7DFA-2202-4705-AADB-FBBF739BED61}.Release|x64.ActiveCfg = Release|Any CPU
		{A94F7DFA-2202-4705-AADB-FBBF739BED61}.Release|x64.Build.0 = Release|Any CPU
		{A94F7DFA-2202-4705-AADB-FBBF739BED61}.Release|x86.ActiveCfg = Release|Any CPU
		{A94F7DFA-2202-4705-AADB-FBBF739BED61}.Release|x86.Build.0 = Release|Any CPU
		{1F440E85-0B02-409E-9731-54D873200E46}.Debug|Any CPU.ActiveCfg = Debug|Any CPU
		{1F440E85-0B02-409E-9731-54D873200E46}.Debug|Any CPU.Build.0 = Debug|Any CPU
		{1F440E85-0B02-409E-9731-54D873200E46}.Debug|x64.ActiveCfg = Debug|Any CPU
		{1F440E85-0B02-409E-9731-54D873200E46}.Debug|x64.Build.0 = Debug|Any CPU
		{1F440E85-0B02-409E-9731-54D873200E46}.Debug|x86.ActiveCfg = Debug|Any CPU
		{1F440E85-0B02-409E-9731-54D873200E46}.Debug|x86.Build.0 = Debug|Any CPU
		{1F440E85-0B02-409E-9731-54D873200E46}.Release|Any CPU.ActiveCfg = Release|Any CPU
		{1F440E85-0B02-409E-9731-54D873200E46}.Release|Any CPU.Build.0 = Release|Any CPU
		{1F440E85-0B02-409E-9731-54D873200E46}.Release|x64.ActiveCfg = Release|Any CPU
		{1F440E85-0B02-409E-9731-54D873200E46}.Release|x64.Build.0 = Release|Any CPU
		{1F440E85-0B02-409E-9731-54D873200E46}.Release|x86.ActiveCfg = Release|Any CPU
		{1F440E85-0B02-409E-9731-54D873200E46}.Release|x86.Build.0 = Release|Any CPU
		{B42088FD-0284-46D8-8C34-EE348DC02850}.Debug|Any CPU.ActiveCfg = Debug|Any CPU
		{B42088FD-0284-46D8-8C34-EE348DC02850}.Debug|Any CPU.Build.0 = Debug|Any CPU
		{B42088FD-0284-46D8-8C34-EE348DC02850}.Debug|x64.ActiveCfg = Debug|Any CPU
		{B42088FD-0284-46D8-8C34-EE348DC02850}.Debug|x64.Build.0 = Debug|Any CPU
		{B42088FD-0284-46D8-8C34-EE348DC02850}.Debug|x86.ActiveCfg = Debug|Any CPU
		{B42088FD-0284-46D8-8C34-EE348DC02850}.Debug|x86.Build.0 = Debug|Any CPU
		{B42088FD-0284-46D8-8C34-EE348DC02850}.Release|Any CPU.ActiveCfg = Release|Any CPU
		{B42088FD-0284-46D8-8C34-EE348DC02850}.Release|Any CPU.Build.0 = Release|Any CPU
		{B42088FD-0284-46D8-8C34-EE348DC02850}.Release|x64.ActiveCfg = Release|Any CPU
		{B42088FD-0284-46D8-8C34-EE348DC02850}.Release|x64.Build.0 = Release|Any CPU
		{B42088FD-0284-46D8-8C34-EE348DC02850}.Release|x86.ActiveCfg = Release|Any CPU
		{B42088FD-0284-46D8-8C34-EE348DC02850}.Release|x86.Build.0 = Release|Any CPU
		{70C1CDD1-42CB-4823-83B2-F08A4E930096}.Debug|Any CPU.ActiveCfg = Debug|Any CPU
		{70C1CDD1-42CB-4823-83B2-F08A4E930096}.Debug|Any CPU.Build.0 = Debug|Any CPU
		{70C1CDD1-42CB-4823-83B2-F08A4E930096}.Debug|x64.ActiveCfg = Debug|Any CPU
		{70C1CDD1-42CB-4823-83B2-F08A4E930096}.Debug|x64.Build.0 = Debug|Any CPU
		{70C1CDD1-42CB-4823-83B2-F08A4E930096}.Debug|x86.ActiveCfg = Debug|Any CPU
		{70C1CDD1-42CB-4823-83B2-F08A4E930096}.Debug|x86.Build.0 = Debug|Any CPU
		{70C1CDD1-42CB-4823-83B2-F08A4E930096}.Release|Any CPU.ActiveCfg = Release|Any CPU
		{70C1CDD1-42CB-4823-83B2-F08A4E930096}.Release|Any CPU.Build.0 = Release|Any CPU
		{70C1CDD1-42CB-4823-83B2-F08A4E930096}.Release|x64.ActiveCfg = Release|Any CPU
		{70C1CDD1-42CB-4823-83B2-F08A4E930096}.Release|x64.Build.0 = Release|Any CPU
		{70C1CDD1-42CB-4823-83B2-F08A4E930096}.Release|x86.ActiveCfg = Release|Any CPU
		{70C1CDD1-42CB-4823-83B2-F08A4E930096}.Release|x86.Build.0 = Release|Any CPU
		{2914CA59-2FDD-403B-8BEB-E14CFCA5CFBB}.Debug|Any CPU.ActiveCfg = Debug|Any CPU
		{2914CA59-2FDD-403B-8BEB-E14CFCA5CFBB}.Debug|Any CPU.Build.0 = Debug|Any CPU
		{2914CA59-2FDD-403B-8BEB-E14CFCA5CFBB}.Debug|x64.ActiveCfg = Debug|Any CPU
		{2914CA59-2FDD-403B-8BEB-E14CFCA5CFBB}.Debug|x64.Build.0 = Debug|Any CPU
		{2914CA59-2FDD-403B-8BEB-E14CFCA5CFBB}.Debug|x86.ActiveCfg = Debug|Any CPU
		{2914CA59-2FDD-403B-8BEB-E14CFCA5CFBB}.Debug|x86.Build.0 = Debug|Any CPU
		{2914CA59-2FDD-403B-8BEB-E14CFCA5CFBB}.Release|Any CPU.ActiveCfg = Release|Any CPU
		{2914CA59-2FDD-403B-8BEB-E14CFCA5CFBB}.Release|Any CPU.Build.0 = Release|Any CPU
		{2914CA59-2FDD-403B-8BEB-E14CFCA5CFBB}.Release|x64.ActiveCfg = Release|Any CPU
		{2914CA59-2FDD-403B-8BEB-E14CFCA5CFBB}.Release|x64.Build.0 = Release|Any CPU
		{2914CA59-2FDD-403B-8BEB-E14CFCA5CFBB}.Release|x86.ActiveCfg = Release|Any CPU
		{2914CA59-2FDD-403B-8BEB-E14CFCA5CFBB}.Release|x86.Build.0 = Release|Any CPU
		{10038ECB-9D3E-48CD-8DBE-81AA1FD602DC}.Debug|Any CPU.ActiveCfg = Debug|Any CPU
		{10038ECB-9D3E-48CD-8DBE-81AA1FD602DC}.Debug|Any CPU.Build.0 = Debug|Any CPU
		{10038ECB-9D3E-48CD-8DBE-81AA1FD602DC}.Debug|x64.ActiveCfg = Debug|Any CPU
		{10038ECB-9D3E-48CD-8DBE-81AA1FD602DC}.Debug|x64.Build.0 = Debug|Any CPU
		{10038ECB-9D3E-48CD-8DBE-81AA1FD602DC}.Debug|x86.ActiveCfg = Debug|Any CPU
		{10038ECB-9D3E-48CD-8DBE-81AA1FD602DC}.Debug|x86.Build.0 = Debug|Any CPU
		{10038ECB-9D3E-48CD-8DBE-81AA1FD602DC}.Release|Any CPU.ActiveCfg = Release|Any CPU
		{10038ECB-9D3E-48CD-8DBE-81AA1FD602DC}.Release|Any CPU.Build.0 = Release|Any CPU
		{10038ECB-9D3E-48CD-8DBE-81AA1FD602DC}.Release|x64.ActiveCfg = Release|Any CPU
		{10038ECB-9D3E-48CD-8DBE-81AA1FD602DC}.Release|x64.Build.0 = Release|Any CPU
		{10038ECB-9D3E-48CD-8DBE-81AA1FD602DC}.Release|x86.ActiveCfg = Release|Any CPU
		{10038ECB-9D3E-48CD-8DBE-81AA1FD602DC}.Release|x86.Build.0 = Release|Any CPU
		{B5381D7E-E9F6-4D38-BB32-5BFAAC8D4E3E}.Debug|Any CPU.ActiveCfg = Debug|Any CPU
		{B5381D7E-E9F6-4D38-BB32-5BFAAC8D4E3E}.Debug|Any CPU.Build.0 = Debug|Any CPU
		{B5381D7E-E9F6-4D38-BB32-5BFAAC8D4E3E}.Debug|x64.ActiveCfg = Debug|Any CPU
		{B5381D7E-E9F6-4D38-BB32-5BFAAC8D4E3E}.Debug|x64.Build.0 = Debug|Any CPU
		{B5381D7E-E9F6-4D38-BB32-5BFAAC8D4E3E}.Debug|x86.ActiveCfg = Debug|Any CPU
		{B5381D7E-E9F6-4D38-BB32-5BFAAC8D4E3E}.Debug|x86.Build.0 = Debug|Any CPU
		{B5381D7E-E9F6-4D38-BB32-5BFAAC8D4E3E}.Release|Any CPU.ActiveCfg = Release|Any CPU
		{B5381D7E-E9F6-4D38-BB32-5BFAAC8D4E3E}.Release|Any CPU.Build.0 = Release|Any CPU
		{B5381D7E-E9F6-4D38-BB32-5BFAAC8D4E3E}.Release|x64.ActiveCfg = Release|Any CPU
		{B5381D7E-E9F6-4D38-BB32-5BFAAC8D4E3E}.Release|x64.Build.0 = Release|Any CPU
		{B5381D7E-E9F6-4D38-BB32-5BFAAC8D4E3E}.Release|x86.ActiveCfg = Release|Any CPU
		{B5381D7E-E9F6-4D38-BB32-5BFAAC8D4E3E}.Release|x86.Build.0 = Release|Any CPU
		{BF0CE063-EC23-4EFA-AE37-C5EE3C65BC7D}.Debug|Any CPU.ActiveCfg = Debug|Any CPU
		{BF0CE063-EC23-4EFA-AE37-C5EE3C65BC7D}.Debug|Any CPU.Build.0 = Debug|Any CPU
		{BF0CE063-EC23-4EFA-AE37-C5EE3C65BC7D}.Debug|x64.ActiveCfg = Debug|Any CPU
		{BF0CE063-EC23-4EFA-AE37-C5EE3C65BC7D}.Debug|x64.Build.0 = Debug|Any CPU
		{BF0CE063-EC23-4EFA-AE37-C5EE3C65BC7D}.Debug|x86.ActiveCfg = Debug|Any CPU
		{BF0CE063-EC23-4EFA-AE37-C5EE3C65BC7D}.Debug|x86.Build.0 = Debug|Any CPU
		{BF0CE063-EC23-4EFA-AE37-C5EE3C65BC7D}.Release|Any CPU.ActiveCfg = Release|Any CPU
		{BF0CE063-EC23-4EFA-AE37-C5EE3C65BC7D}.Release|Any CPU.Build.0 = Release|Any CPU
		{BF0CE063-EC23-4EFA-AE37-C5EE3C65BC7D}.Release|x64.ActiveCfg = Release|Any CPU
		{BF0CE063-EC23-4EFA-AE37-C5EE3C65BC7D}.Release|x64.Build.0 = Release|Any CPU
		{BF0CE063-EC23-4EFA-AE37-C5EE3C65BC7D}.Release|x86.ActiveCfg = Release|Any CPU
		{BF0CE063-EC23-4EFA-AE37-C5EE3C65BC7D}.Release|x86.Build.0 = Release|Any CPU
		{63F7B729-A7A5-49EF-9CE8-1C8B47669A66}.Debug|Any CPU.ActiveCfg = Debug|Any CPU
		{63F7B729-A7A5-49EF-9CE8-1C8B47669A66}.Debug|Any CPU.Build.0 = Debug|Any CPU
		{63F7B729-A7A5-49EF-9CE8-1C8B47669A66}.Debug|x64.ActiveCfg = Debug|Any CPU
		{63F7B729-A7A5-49EF-9CE8-1C8B47669A66}.Debug|x64.Build.0 = Debug|Any CPU
		{63F7B729-A7A5-49EF-9CE8-1C8B47669A66}.Debug|x86.ActiveCfg = Debug|Any CPU
		{63F7B729-A7A5-49EF-9CE8-1C8B47669A66}.Debug|x86.Build.0 = Debug|Any CPU
		{63F7B729-A7A5-49EF-9CE8-1C8B47669A66}.Release|Any CPU.ActiveCfg = Release|Any CPU
		{63F7B729-A7A5-49EF-9CE8-1C8B47669A66}.Release|Any CPU.Build.0 = Release|Any CPU
		{63F7B729-A7A5-49EF-9CE8-1C8B47669A66}.Release|x64.ActiveCfg = Release|Any CPU
		{63F7B729-A7A5-49EF-9CE8-1C8B47669A66}.Release|x64.Build.0 = Release|Any CPU
		{63F7B729-A7A5-49EF-9CE8-1C8B47669A66}.Release|x86.ActiveCfg = Release|Any CPU
		{63F7B729-A7A5-49EF-9CE8-1C8B47669A66}.Release|x86.Build.0 = Release|Any CPU
		{0F905BD0-198A-46BD-A6B7-A8C63102876C}.Debug|Any CPU.ActiveCfg = Debug|Any CPU
		{0F905BD0-198A-46BD-A6B7-A8C63102876C}.Debug|Any CPU.Build.0 = Debug|Any CPU
		{0F905BD0-198A-46BD-A6B7-A8C63102876C}.Debug|x64.ActiveCfg = Debug|Any CPU
		{0F905BD0-198A-46BD-A6B7-A8C63102876C}.Debug|x64.Build.0 = Debug|Any CPU
		{0F905BD0-198A-46BD-A6B7-A8C63102876C}.Debug|x86.ActiveCfg = Debug|Any CPU
		{0F905BD0-198A-46BD-A6B7-A8C63102876C}.Debug|x86.Build.0 = Debug|Any CPU
		{0F905BD0-198A-46BD-A6B7-A8C63102876C}.Release|Any CPU.ActiveCfg = Release|Any CPU
		{0F905BD0-198A-46BD-A6B7-A8C63102876C}.Release|Any CPU.Build.0 = Release|Any CPU
		{0F905BD0-198A-46BD-A6B7-A8C63102876C}.Release|x64.ActiveCfg = Release|Any CPU
		{0F905BD0-198A-46BD-A6B7-A8C63102876C}.Release|x64.Build.0 = Release|Any CPU
		{0F905BD0-198A-46BD-A6B7-A8C63102876C}.Release|x86.ActiveCfg = Release|Any CPU
		{0F905BD0-198A-46BD-A6B7-A8C63102876C}.Release|x86.Build.0 = Release|Any CPU
	EndGlobalSection
	GlobalSection(SolutionProperties) = preSolution
		HideSolutionNode = FALSE
	EndGlobalSection
	GlobalSection(NestedProjects) = preSolution
		{1F440E85-0B02-409E-9731-54D873200E46} = {B2E2DB93-62A4-4F13-AAFB-D666D5ACA0E6}
		{63F7B729-A7A5-49EF-9CE8-1C8B47669A66} = {B96C9DEF-B04B-47C7-8C06-BECEB092445B}
		{0F905BD0-198A-46BD-A6B7-A8C63102876C} = {3F4E137C-D3BF-4D5C-8151-6998D668DCDE}
	EndGlobalSection
EndGlobal
